lockfileVersion: '6.0'

settings:
  autoInstallPeers: true
  excludeLinksFromLockfile: false

devDependencies:
  '@types/inquirer':
    specifier: ^9.0.3
    version: 9.0.3
  '@types/node':
    specifier: ^20.6.2
    version: 20.6.2

packages:

  /@types/inquirer@9.0.3:
    resolution: {integrity: sha512-CzNkWqQftcmk2jaCWdBTf9Sm7xSw4rkI1zpU/Udw3HX5//adEZUIm9STtoRP1qgWj0CWQtJ9UTvqmO2NNjhMJw==}
    dependencies:
      '@types/through': 0.0.31
      rxjs: 7.8.1
    dev: true

  /@types/node@20.6.2:
    resolution: {integrity: sha512-Y+/1vGBHV/cYk6OI1Na/LHzwnlNCAfU3ZNGrc1LdRe/LAIbdDPTTv/HU3M7yXN448aTVDq3eKRm2cg7iKLb8gw==}
    dev: true

  /@types/through@0.0.31:
    resolution: {integrity: sha512-LpKpmb7FGevYgXnBXYs6HWnmiFyVG07Pt1cnbgM1IhEacITTiUaBXXvOR3Y50ksaJWGSfhbEvQFivQEFGCC55w==}
    dependencies:
      '@types/node': 20.6.2
    dev: true

  /rxjs@7.8.1:
    resolution: {integrity: sha512-AA3TVj+0A2iuIoQkWEK/tqFjBq2j+6PO6Y0zJcvzLAFhEFIO3HL0vls9hWLncZbAAbK0mar7oZ4V079I/qPMxg==}
    dependencies:
      tslib: 2.6.2
    dev: true

  /tslib@2.6.2:
    resolution: {integrity: sha512-AEYxH93jGFPn/a2iVAwW87VuUIkR1FVUKB77NwMF7nBTDkDrrT/Hpt/IrCJ0QXhW27jTBDcf5ZY7w6RiqTMw2Q==}
    dev: true
