lockfileVersion: "6.0"

settings:
  autoInstallPeers: true
  excludeLinksFromLockfile: false

dependencies:
  "@inquirer/prompts":
    specifier: ^3.1.1
    version: 3.1.1
  chalk:
    specifier: ^5.3.0
    version: 5.3.0

devDependencies:
  "@types/ejs":
    specifier: ^3.1.2
    version: 3.1.2
  "@types/shelljs":
    specifier: ^0.8.12
    version: 0.8.12
  ejs:
    specifier: ^3.1.9
    version: 3.1.9
  shelljs:
    specifier: ^0.8.5
    version: 0.8.5
  ts-node:
    specifier: ^10.9.1
    version: 10.9.1(@types/node@20.6.2)(typescript@5.2.2)

packages:
  /@cspotcode/source-map-support@0.8.1:
    resolution:
      {
        integrity: sha512-IchNf6dN4tHoMFIn/7OE8LWZ19Y6q/67Bmf6vnGREv8RSbBVb9LPJxEcnwrcwX6ixSvaiGoomAUvu4YSxXrVgw==,
      }
    engines: { node: ">=12" }
    dependencies:
      "@jridgewell/trace-mapping": 0.3.9
    dev: true

  /@inquirer/checkbox@1.3.11:
    resolution:
      {
        integrity: sha512-SaQBDr7niZQzoP5Mqzak5pQY7476mvf4Sj2V8VFrbFHWHsavy3nKGKEOgijNHy151bEgqDog1829g/pKa9Qcrw==,
      }
    engines: { node: ">=14.18.0" }
    dependencies:
      "@inquirer/core": 5.0.0
      "@inquirer/type": 1.1.4
      ansi-escapes: 4.3.2
      chalk: 4.1.2
      figures: 3.2.0
    dev: false

  /@inquirer/confirm@2.0.12:
    resolution:
      {
        integrity: sha512-Oxz3L0ti+0nWYHPPUIrPkxA2KnQZUGBHnk56yF5RjKqPGFrwvgLZdIXNe/w4I/OtdLeOBqHCrJ+kCvNvHVdk9g==,
      }
    engines: { node: ">=14.18.0" }
    dependencies:
      "@inquirer/core": 5.0.0
      "@inquirer/type": 1.1.4
      chalk: 4.1.2
    dev: false

  /@inquirer/core@5.0.0:
    resolution:
      {
        integrity: sha512-q2o4BcANKFyuUI5V6ejmPs1f9SdbJxfnLmhQVb72Fj7hOudoKsJpByJZ0imv9a/rpKDogA+93vtBBMqsnS7/Fg==,
      }
    engines: { node: ">=14.18.0" }
    dependencies:
      "@inquirer/type": 1.1.4
      "@types/mute-stream": 0.0.1
      "@types/node": 20.6.2
      "@types/wrap-ansi": 3.0.0
      ansi-escapes: 4.3.2
      chalk: 4.1.2
      cli-spinners: 2.9.1
      cli-width: 4.1.0
      figures: 3.2.0
      mute-stream: 1.0.0
      run-async: 3.0.0
      signal-exit: 4.1.0
      strip-ansi: 6.0.1
      wrap-ansi: 6.2.0
    dev: false

  /@inquirer/editor@1.2.10:
    resolution:
      {
        integrity: sha512-aluYpazbxIdM54L+xNmVHzOjoXGwkliTCvHxhtPg6itmqDGMVmU1z+T2akHt6Xnx9RyrTpbumFB4xn1iI0UfnA==,
      }
    engines: { node: ">=14.18.0" }
    dependencies:
      "@inquirer/core": 5.0.0
      "@inquirer/type": 1.1.4
      chalk: 4.1.2
      external-editor: 3.1.0
    dev: false

  /@inquirer/expand@1.1.11:
    resolution:
      {
        integrity: sha512-GSZJbYKPBniyXgWeFLsqiv7TSK9QjpQqCr+i/85Yts3wwixXTrAeoqM3TVVgHO/3j+xeFcuhOm1wy/F2QY5aEg==,
      }
    engines: { node: ">=14.18.0" }
    dependencies:
      "@inquirer/core": 5.0.0
      "@inquirer/type": 1.1.4
      chalk: 4.1.2
      figures: 3.2.0
    dev: false

  /@inquirer/input@1.2.11:
    resolution:
      {
        integrity: sha512-sV1nO6+RxMFTHAznmxMkbMkjGQ8NGMWr0mvXjU35YQ0OFEL+YlD+DPbNd9s3ltnswODZAcnM1yFvdko3S/Kj/w==,
      }
    engines: { node: ">=14.18.0" }
    dependencies:
      "@inquirer/core": 5.0.0
      "@inquirer/type": 1.1.4
      chalk: 4.1.2
    dev: false

  /@inquirer/password@1.1.11:
    resolution:
      {
        integrity: sha512-r2eiLMlTuY+k+yJf6XLbnAEz7EDyWdjOrgVAWjSKoEDBc3T9/rq2I+7WiY9FUFArYY/1LxmsNWavs5NuMICx8Q==,
      }
    engines: { node: ">=14.18.0" }
    dependencies:
      "@inquirer/input": 1.2.11
      "@inquirer/type": 1.1.4
      ansi-escapes: 4.3.2
      chalk: 4.1.2
    dev: false

  /@inquirer/prompts@3.1.1:
    resolution:
      {
        integrity: sha512-7m/7Q4eupJYmn0GxM1H1dcekE4F4YlIB6bSKZs2SVeShARYUVPiAKFZ9c15UzYnBtdjCv4zXI17jbNtCNqmxGQ==,
      }
    engines: { node: ">=14.18.0" }
    dependencies:
      "@inquirer/checkbox": 1.3.11
      "@inquirer/confirm": 2.0.12
      "@inquirer/core": 5.0.0
      "@inquirer/editor": 1.2.10
      "@inquirer/expand": 1.1.11
      "@inquirer/input": 1.2.11
      "@inquirer/password": 1.1.11
      "@inquirer/rawlist": 1.2.11
      "@inquirer/select": 1.2.11
    dev: false

  /@inquirer/rawlist@1.2.11:
    resolution:
      {
        integrity: sha512-4S2t2pCCR3VgyB3lbPKoiJ9020HHAi9g4M+DIyXHYwGE++7wURAwKkzb6v78fS0yKfCbyFt3BTcL2UffQRQ9Fg==,
      }
    engines: { node: ">=14.18.0" }
    dependencies:
      "@inquirer/core": 5.0.0
      "@inquirer/type": 1.1.4
      chalk: 4.1.2
    dev: false

  /@inquirer/select@1.2.11:
    resolution:
      {
        integrity: sha512-LH2wzAsWfu/+wcapeht07zTDefuvGTpv0+9dCAQ68QigF+4gHzpWq5+AbBLbxzuH2Wz4WlHcti85nFUPPM1t3A==,
      }
    engines: { node: ">=14.18.0" }
    dependencies:
      "@inquirer/core": 5.0.0
      "@inquirer/type": 1.1.4
      ansi-escapes: 4.3.2
      chalk: 4.1.2
      figures: 3.2.0
    dev: false

  /@inquirer/type@1.1.4:
    resolution:
      {
        integrity: sha512-a6+RCiXBQEbiA73RT1pBfwiH2I+MPcoZoGKuuUYFkws+6ud7nb5kUQGHFGUSBim25IyVMT/mqbWIrkxetcIb/w==,
      }
    engines: { node: ">=14.18.0" }
    dev: false

  /@jridgewell/resolve-uri@3.1.1:
    resolution:
      {
        integrity: sha512-dSYZh7HhCDtCKm4QakX0xFpsRDqjjtZf/kjI/v3T3Nwt5r8/qz/M19F9ySyOqU94SXBmeG9ttTul+YnR4LOxFA==,
      }
    engines: { node: ">=6.0.0" }
    dev: true

  /@jridgewell/sourcemap-codec@1.4.15:
    resolution:
      {
        integrity: sha512-eF2rxCRulEKXHTRiDrDy6erMYWqNw4LPdQ8UQA4huuxaQsVeRPFl2oM8oDGxMFhJUWZf9McpLtJasDDZb/Bpeg==,
      }
    dev: true

  /@jridgewell/trace-mapping@0.3.9:
    resolution:
      {
        integrity: sha512-3Belt6tdc8bPgAtbcmdtNJlirVoTmEb5e2gC94PnkwEW9jI6CAHUeoG85tjWP5WquqfavoMtMwiG4P926ZKKuQ==,
      }
    dependencies:
      "@jridgewell/resolve-uri": 3.1.1
      "@jridgewell/sourcemap-codec": 1.4.15
    dev: true

  /@tsconfig/node10@1.0.9:
    resolution:
      {
        integrity: sha512-jNsYVVxU8v5g43Erja32laIDHXeoNvFEpX33OK4d6hljo3jDhCBDhx5dhCCTMWUojscpAagGiRkBKxpdl9fxqA==,
      }
    dev: true

  /@tsconfig/node12@1.0.11:
    resolution:
      {
        integrity: sha512-cqefuRsh12pWyGsIoBKJA9luFu3mRxCA+ORZvA4ktLSzIuCUtWVxGIuXigEwO5/ywWFMZ2QEGKWvkZG1zDMTag==,
      }
    dev: true

  /@tsconfig/node14@1.0.3:
    resolution:
      {
        integrity: sha512-ysT8mhdixWK6Hw3i1V2AeRqZ5WfXg1G43mqoYlM2nc6388Fq5jcXyr5mRsqViLx/GJYdoL0bfXD8nmF+Zn/Iow==,
      }
    dev: true

  /@tsconfig/node16@1.0.4:
    resolution:
      {
        integrity: sha512-vxhUy4J8lyeyinH7Azl1pdd43GJhZH/tP2weN8TntQblOY+A0XbT8DJk1/oCPuOOyg/Ja757rG0CgHcWC8OfMA==,
      }
    dev: true

  /@types/ejs@3.1.2:
    resolution:
      {
        integrity: sha512-ZmiaE3wglXVWBM9fyVC17aGPkLo/UgaOjEiI2FXQfyczrCefORPxIe+2dVmnmk3zkVIbizjrlQzmPGhSYGXG5g==,
      }
    dev: true

  /@types/glob@7.2.0:
    resolution:
      {
        integrity: sha512-ZUxbzKl0IfJILTS6t7ip5fQQM/J3TJYubDm3nMbgubNNYS62eXeUpoLUC8/7fJNiFYHTrGPQn7hspDUzIHX3UA==,
      }
    dependencies:
      "@types/minimatch": 5.1.2
      "@types/node": 20.6.2
    dev: true

  /@types/minimatch@5.1.2:
    resolution:
      {
        integrity: sha512-K0VQKziLUWkVKiRVrx4a40iPaxTUefQmjtkQofBkYRcoaaL/8rhwDWww9qWbrgicNOgnpIsMxyNIUM4+n6dUIA==,
      }
    dev: true

  /@types/mute-stream@0.0.1:
    resolution:
      {
        integrity: sha512-0yQLzYhCqGz7CQPE3iDmYjhb7KMBFOP+tBkyw+/Y2YyDI5wpS7itXXxneN1zSsUwWx3Ji6YiVYrhAnpQGS/vkw==,
      }
    dependencies:
      "@types/node": 20.6.2
    dev: false

  /@types/node@20.6.2:
    resolution:
      {
        integrity: sha512-Y+/1vGBHV/cYk6OI1Na/LHzwnlNCAfU3ZNGrc1LdRe/LAIbdDPTTv/HU3M7yXN448aTVDq3eKRm2cg7iKLb8gw==,
      }

  /@types/shelljs@0.8.12:
    resolution:
      {
        integrity: sha512-ZA8U81/gldY+rR5zl/7HSHrG2KDfEb3lzG6uCUDhW1DTQE9yC/VBQ45fXnXq8f3CgInfhZmjtdu/WOUlrXRQUg==,
      }
    dependencies:
      "@types/glob": 7.2.0
      "@types/node": 20.6.2
    dev: true

  /@types/wrap-ansi@3.0.0:
    resolution:
      {
        integrity: sha512-ltIpx+kM7g/MLRZfkbL7EsCEjfzCcScLpkg37eXEtx5kmrAKBkTJwd1GIAjDSL8wTpM6Hzn5YO4pSb91BEwu1g==,
      }
    dev: false

  /acorn-walk@8.2.0:
    resolution:
      {
        integrity: sha512-k+iyHEuPgSw6SbuDpGQM+06HQUa04DZ3o+F6CSzXMvvI5KMvnaEqXe+YVe555R9nn6GPt404fos4wcgpw12SDA==,
      }
    engines: { node: ">=0.4.0" }
    dev: true

  /acorn@8.10.0:
    resolution:
      {
        integrity: sha512-F0SAmZ8iUtS//m8DmCTA0jlh6TDKkHQyK6xc6V4KDTyZKA9dnvX9/3sRTVQrWm79glUAZbnmmNcdYwUIHWVybw==,
      }
    engines: { node: ">=0.4.0" }
    hasBin: true
    dev: true

  /ansi-escapes@4.3.2:
    resolution:
      {
        integrity: sha512-gKXj5ALrKWQLsYG9jlTRmR/xKluxHV+Z9QEwNIgCfM1/uwPMCuzVVnh5mwTd+OuBZcwSIMbqssNWRm1lE51QaQ==,
      }
    engines: { node: ">=8" }
    dependencies:
      type-fest: 0.21.3
    dev: false

  /ansi-regex@5.0.1:
    resolution:
      {
        integrity: sha512-quJQXlTSUGL2LH9SUXo8VwsY4soanhgo6LNSm84E1LBcE8s3O0wpdiRzyR9z/ZZJMlMWv37qOOb9pdJlMUEKFQ==,
      }
    engines: { node: ">=8" }
    dev: false

  /ansi-styles@4.3.0:
    resolution:
      {
        integrity: sha512-zbB9rCJAT1rbjiVDb2hqKFHNYLxgtk8NURxZ3IZwD3F6NtxbXZQCnnSi1Lkx+IDohdPlFp222wVALIheZJQSEg==,
      }
    engines: { node: ">=8" }
    dependencies:
      color-convert: 2.0.1

  /arg@4.1.3:
    resolution:
      {
        integrity: sha512-58S9QDqG0Xx27YwPSt9fJxivjYl432YCwfDMfZ+71RAqUrZef7LrKQZ3LHLOwCS4FLNBplP533Zx895SeOCHvA==,
      }
    dev: true

  /async@3.2.4:
    resolution:
      {
        integrity: sha512-iAB+JbDEGXhyIUavoDl9WP/Jj106Kz9DEn1DPgYw5ruDn0e3Wgi3sKFm55sASdGBNOQB8F59d9qQ7deqrHA8wQ==,
      }
    dev: true

  /balanced-match@1.0.2:
    resolution:
      {
        integrity: sha512-3oSeUO0TMV67hN1AmbXsK4yaqU7tjiHlbxRDZOpH0KW9+CeX4bRAaX0Anxt0tx2MrpRpWwQaPwIlISEJhYU5Pw==,
      }
    dev: true

  /brace-expansion@1.1.11:
    resolution:
      {
        integrity: sha512-iCuPHDFgrHX7H2vEI/5xpz07zSHB00TpugqhmYtVmMO6518mCuRMoOYFldEBl0g187ufozdaHgWKcYFb61qGiA==,
      }
    dependencies:
      balanced-match: 1.0.2
      concat-map: 0.0.1
    dev: true

  /brace-expansion@2.0.1:
    resolution:
      {
        integrity: sha512-XnAIvQ8eM+kC6aULx6wuQiwVsnzsi9d3WxzV3FpWTGA19F621kwdbsAcFKXgKUHZWsy+mY6iL1sHTxWEFCytDA==,
      }
    dependencies:
      balanced-match: 1.0.2
    dev: true

  /chalk@4.1.2:
    resolution:
      {
        integrity: sha512-oKnbhFyRIXpUuez8iBMmyEa4nbj4IOQyuhc/wy9kY7/WVPcwIO9VA668Pu8RkO7+0G76SLROeyw9CpQ061i4mA==,
      }
    engines: { node: ">=10" }
    dependencies:
      ansi-styles: 4.3.0
      supports-color: 7.2.0

  /chalk@5.3.0:
    resolution:
      {
        integrity: sha512-dLitG79d+GV1Nb/VYcCDFivJeK1hiukt9QjRNVOsUtTy1rR1YJsmpGGTZ3qJos+uw7WmWF4wUwBd9jxjocFC2w==,
      }
    engines: { node: ^12.17.0 || ^14.13 || >=16.0.0 }
    dev: false

  /chardet@0.7.0:
    resolution:
      {
        integrity: sha512-mT8iDcrh03qDGRRmoA2hmBJnxpllMR+0/0qlzjqZES6NdiWDcZkCNAk4rPFZ9Q85r27unkiNNg8ZOiwZXBHwcA==,
      }
    dev: false

  /cli-spinners@2.9.1:
    resolution:
      {
        integrity: sha512-jHgecW0pxkonBJdrKsqxgRX9AcG+u/5k0Q7WPDfi8AogLAdwxEkyYYNWwZ5GvVFoFx2uiY1eNcSK00fh+1+FyQ==,
      }
    engines: { node: ">=6" }
    dev: false

  /cli-width@4.1.0:
    resolution:
      {
        integrity: sha512-ouuZd4/dm2Sw5Gmqy6bGyNNNe1qt9RpmxveLSO7KcgsTnU7RXfsw+/bukWGo1abgBiMAic068rclZsO4IWmmxQ==,
      }
    engines: { node: ">= 12" }
    dev: false

  /color-convert@2.0.1:
    resolution:
      {
        integrity: sha512-RRECPsj7iu/xb5oKYcsFHSppFNnsj/52OVTRKb4zP5onXwVF3zVmmToNcOfGC+CRDpfK/U584fMg38ZHCaElKQ==,
      }
    engines: { node: ">=7.0.0" }
    dependencies:
      color-name: 1.1.4

  /color-name@1.1.4:
    resolution:
      {
        integrity: sha512-dOy+3AuW3a2wNbZHIuMZpTcgjGuLU/uBL/ubcZF9OXbDo8ff4O8yVp5Bf0efS8uEoYo5q4Fx7dY9OgQGXgAsQA==,
      }

  /concat-map@0.0.1:
    resolution:
      {
        integrity: sha512-/Srv4dswyQNBfohGpz9o6Yb3Gz3SrUDqBH5rTuhGR7ahtlbYKnVxw2bCFMRljaA7EXHaXZ8wsHdodFvbkhKmqg==,
      }
    dev: true

  /create-require@1.1.1:
    resolution:
      {
        integrity: sha512-dcKFX3jn0MpIaXjisoRvexIJVEKzaq7z2rZKxf+MSr9TkdmHmsU4m2lcLojrj/FHl8mk5VxMmYA+ftRkP/3oKQ==,
      }
    dev: true

  /diff@4.0.2:
    resolution:
      {
        integrity: sha512-58lmxKSA4BNyLz+HHMUzlOEpg09FV+ev6ZMe3vJihgdxzgcwZ8VoEEPmALCZG9LmqfVoNMMKpttIYTVG6uDY7A==,
      }
    engines: { node: ">=0.3.1" }
    dev: true

  /ejs@3.1.9:
    resolution:
      {
        integrity: sha512-rC+QVNMJWv+MtPgkt0y+0rVEIdbtxVADApW9JXrUVlzHetgcyczP/E7DJmWJ4fJCZF2cPcBk0laWO9ZHMG3DmQ==,
      }
    engines: { node: ">=0.10.0" }
    hasBin: true
    dependencies:
      jake: 10.8.7
    dev: true

  /emoji-regex@8.0.0:
    resolution:
      {
        integrity: sha512-MSjYzcWNOA0ewAHpz0MxpYFvwg6yjy1NG3xteoqz644VCo/RPgnr1/GGt+ic3iJTzQ8Eu3TdM14SawnVUmGE6A==,
      }
    dev: false

  /escape-string-regexp@1.0.5:
    resolution:
      {
        integrity: sha512-vbRorB5FUQWvla16U8R/qgaFIya2qGzwDrNmCZuYKrbdSUMG6I1ZCGQRefkRVhuOkIGVne7BQ35DSfo1qvJqFg==,
      }
    engines: { node: ">=0.8.0" }
    dev: false

  /external-editor@3.1.0:
    resolution:
      {
        integrity: sha512-hMQ4CX1p1izmuLYyZqLMO/qGNw10wSv9QDCPfzXfyFrOaCSSoRfqE1Kf1s5an66J5JZC62NewG+mK49jOCtQew==,
      }
    engines: { node: ">=4" }
    dependencies:
      chardet: 0.7.0
      iconv-lite: 0.4.24
      tmp: 0.0.33
    dev: false

  /figures@3.2.0:
    resolution:
      {
        integrity: sha512-yaduQFRKLXYOGgEn6AZau90j3ggSOyiqXU0F9JZfeXYhNa+Jk4X+s45A2zg5jns87GAFa34BBm2kXw4XpNcbdg==,
      }
    engines: { node: ">=8" }
    dependencies:
      escape-string-regexp: 1.0.5
    dev: false

  /filelist@1.0.4:
    resolution:
      {
        integrity: sha512-w1cEuf3S+DrLCQL7ET6kz+gmlJdbq9J7yXCSjK/OZCPA+qEN1WyF4ZAf0YYJa4/shHJra2t/d/r8SV4Ji+x+8Q==,
      }
    dependencies:
      minimatch: 5.1.6
    dev: true

  /fs.realpath@1.0.0:
    resolution:
      {
        integrity: sha512-OO0pH2lK6a0hZnAdau5ItzHPI6pUlvI7jMVnxUQRtw4owF2wk8lOSabtGDCTP4Ggrg2MbGnWO9X8K1t4+fGMDw==,
      }
    dev: true

  /function-bind@1.1.1:
    resolution:
      {
        integrity: sha512-yIovAzMX49sF8Yl58fSCWJ5svSLuaibPxXQJFLmBObTuCr0Mf1KiPopGM9NiFjiYBCbfaa2Fh6breQ6ANVTI0A==,
      }
    dev: true

  /glob@7.2.3:
    resolution:
      {
        integrity: sha512-nFR0zLpU2YCaRxwoCJvL6UvCH2JFyFVIvwTLsIf21AuHlMskA1hhTdk+LlYJtOlYt9v6dvszD2BGRqBL+iQK9Q==,
      }
    dependencies:
      fs.realpath: 1.0.0
      inflight: 1.0.6
      inherits: 2.0.4
      minimatch: 3.1.2
      once: 1.4.0
      path-is-absolute: 1.0.1
    dev: true

  /has-flag@4.0.0:
    resolution:
      {
        integrity: sha512-EykJT/Q1KjTWctppgIAgfSO0tKVuZUjhgMr17kqTumMl6Afv3EISleU7qZUzoXDFTAHTDC4NOoG/ZxU3EvlMPQ==,
      }
    engines: { node: ">=8" }

  /has@1.0.3:
    resolution:
      {
        integrity: sha512-f2dvO0VU6Oej7RkWJGrehjbzMAjFp5/VKPp5tTpWIV4JHHZK1/BxbFRtf/siA2SWTe09caDmVtYYzWEIbBS4zw==,
      }
    engines: { node: ">= 0.4.0" }
    dependencies:
      function-bind: 1.1.1
    dev: true

  /iconv-lite@0.4.24:
    resolution:
      {
        integrity: sha512-v3MXnZAcvnywkTUEZomIActle7RXXeedOR31wwl7VlyoXO4Qi9arvSenNQWne1TcRwhCL1HwLI21bEqdpj8/rA==,
      }
    engines: { node: ">=0.10.0" }
    dependencies:
      safer-buffer: 2.1.2
    dev: false

  /inflight@1.0.6:
    resolution:
      {
        integrity: sha512-k92I/b08q4wvFscXCLvqfsHCrjrF7yiXsQuIVvVE7N82W3+aqpzuUdBbfhWcy/FZR3/4IgflMgKLOsvPDrGCJA==,
      }
    dependencies:
      once: 1.4.0
      wrappy: 1.0.2
    dev: true

  /inherits@2.0.4:
    resolution:
      {
        integrity: sha512-k/vGaX4/Yla3WzyMCvTQOXYeIHvqOKtnqBduzTHpzpQZzAskKMhZ2K+EnBiSM9zGSoIFeMpXKxa4dYeZIQqewQ==,
      }
    dev: true

  /interpret@1.4.0:
    resolution:
      {
        integrity: sha512-agE4QfB2Lkp9uICn7BAqoscw4SZP9kTE2hxiFI3jBPmXJfdqiahTbUuKGsMoN2GtqL9AxhYioAcVvgsb1HvRbA==,
      }
    engines: { node: ">= 0.10" }
    dev: true

  /is-core-module@2.13.0:
    resolution:
      {
        integrity: sha512-Z7dk6Qo8pOCp3l4tsX2C5ZVas4V+UxwQodwZhLopL91TX8UyyHEXafPcyoeeWuLrwzHcr3igO78wNLwHJHsMCQ==,
      }
    dependencies:
      has: 1.0.3
    dev: true

  /is-fullwidth-code-point@3.0.0:
    resolution:
      {
        integrity: sha512-zymm5+u+sCsSWyD9qNaejV3DFvhCKclKdizYaJUuHA83RLjb7nSuGnddCHGv0hk+KY7BMAlsWeK4Ueg6EV6XQg==,
      }
    engines: { node: ">=8" }
    dev: false

  /jake@10.8.7:
    resolution:
      {
        integrity: sha512-ZDi3aP+fG/LchyBzUM804VjddnwfSfsdeYkwt8NcbKRvo4rFkjhs456iLFn3k2ZUWvNe4i48WACDbza8fhq2+w==,
      }
    engines: { node: ">=10" }
    hasBin: true
    dependencies:
      async: 3.2.4
      chalk: 4.1.2
      filelist: 1.0.4
      minimatch: 3.1.2
    dev: true

  /make-error@1.3.6:
    resolution:
      {
        integrity: sha512-s8UhlNe7vPKomQhC1qFelMokr/Sc3AgNbso3n74mVPA5LTZwkB9NlXf4XPamLxJE8h0gh73rM94xvwRT2CVInw==,
      }
    dev: true

  /minimatch@3.1.2:
    resolution:
      {
        integrity: sha512-J7p63hRiAjw1NDEww1W7i37+ByIrOWO5XQQAzZ3VOcL0PNybwpfmV/N05zFAzwQ9USyEcX6t3UO+K5aqBQOIHw==,
      }
    dependencies:
      brace-expansion: 1.1.11
    dev: true

  /minimatch@5.1.6:
    resolution:
      {
        integrity: sha512-lKwV/1brpG6mBUFHtb7NUmtABCb2WZZmm2wNiOA5hAb8VdCS4B3dtMWyvcoViccwAW/COERjXLt0zP1zXUN26g==,
      }
    engines: { node: ">=10" }
    dependencies:
      brace-expansion: 2.0.1
    dev: true

  /mute-stream@1.0.0:
    resolution:
      {
        integrity: sha512-avsJQhyd+680gKXyG/sQc0nXaC6rBkPOfyHYcFb9+hdkqQkR9bdnkJ0AMZhke0oesPqIO+mFFJ+IdBc7mst4IA==,
      }
    engines: { node: ^14.17.0 || ^16.13.0 || >=18.0.0 }
    dev: false

  /once@1.4.0:
    resolution:
      {
        integrity: sha512-lNaJgI+2Q5URQBkccEKHTQOPaXdUxnZZElQTZY0MFUAuaEqe1E+Nyvgdz/aIyNi6Z9MzO5dv1H8n58/GELp3+w==,
      }
    dependencies:
      wrappy: 1.0.2
    dev: true

  /os-tmpdir@1.0.2:
    resolution:
      {
        integrity: sha512-D2FR03Vir7FIu45XBY20mTb+/ZSWB00sjU9jdQXt83gDrI4Ztz5Fs7/yy74g2N5SVQY4xY1qDr4rNddwYRVX0g==,
      }
    engines: { node: ">=0.10.0" }
    dev: false

  /path-is-absolute@1.0.1:
    resolution:
      {
        integrity: sha512-AVbw3UJ2e9bq64vSaS9Am0fje1Pa8pbGqTTsmXfaIiMpnr5DlDhfJOuLj9Sf95ZPVDAUerDfEk88MPmPe7UCQg==,
      }
    engines: { node: ">=0.10.0" }
    dev: true

  /path-parse@1.0.7:
    resolution:
      {
        integrity: sha512-LDJzPVEEEPR+y48z93A0Ed0yXb8pAByGWo/k5YYdYgpY2/2EsOsksJrq7lOHxryrVOn1ejG6oAp8ahvOIQD8sw==,
      }
    dev: true

  /rechoir@0.6.2:
    resolution:
      {
        integrity: sha512-HFM8rkZ+i3zrV+4LQjwQ0W+ez98pApMGM3HUrN04j3CqzPOzl9nmP15Y8YXNm8QHGv/eacOVEjqhmWpkRV0NAw==,
      }
    engines: { node: ">= 0.10" }
    dependencies:
      resolve: 1.22.6
    dev: true

  /resolve@1.22.6:
    resolution:
      {
        integrity: sha512-njhxM7mV12JfufShqGy3Rz8j11RPdLy4xi15UurGJeoHLfJpVXKdh3ueuOqbYUcDZnffr6X739JBo5LzyahEsw==,
      }
    hasBin: true
    dependencies:
      is-core-module: 2.13.0
      path-parse: 1.0.7
      supports-preserve-symlinks-flag: 1.0.0
    dev: true

  /run-async@3.0.0:
    resolution:
      {
        integrity: sha512-540WwVDOMxA6dN6We19EcT9sc3hkXPw5mzRNGM3FkdN/vtE9NFvj5lFAPNwUDmJjXidm3v7TC1cTE7t17Ulm1Q==,
      }
    engines: { node: ">=0.12.0" }
    dev: false

  /safer-buffer@2.1.2:
    resolution:
      {
        integrity: sha512-YZo3K82SD7Riyi0E1EQPojLz7kpepnSQI9IyPbHHg1XXXevb5dJI7tpyN2ADxGcQbHG7vcyRHk0cbwqcQriUtg==,
      }
    dev: false

  /shelljs@0.8.5:
    resolution:
      {
        integrity: sha512-TiwcRcrkhHvbrZbnRcFYMLl30Dfov3HKqzp5tO5b4pt6G/SezKcYhmDg15zXVBswHmctSAQKznqNW2LO5tTDow==,
      }
    engines: { node: ">=4" }
    hasBin: true
    dependencies:
      glob: 7.2.3
      interpret: 1.4.0
      rechoir: 0.6.2
    dev: true

  /signal-exit@4.1.0:
    resolution:
      {
        integrity: sha512-bzyZ1e88w9O1iNJbKnOlvYTrWPDl46O1bG0D3XInv+9tkPrxrN8jUUTiFlDkkmKWgn1M6CfIA13SuGqOa9Korw==,
      }
    engines: { node: ">=14" }
    dev: false

  /string-width@4.2.3:
    resolution:
      {
        integrity: sha512-wKyQRQpjJ0sIp62ErSZdGsjMJWsap5oRNihHhu6G7JVO/9jIB6UyevL+tXuOqrng8j/cxKTWyWUwvSTriiZz/g==,
      }
    engines: { node: ">=8" }
    dependencies:
      emoji-regex: 8.0.0
      is-fullwidth-code-point: 3.0.0
      strip-ansi: 6.0.1
    dev: false

  /strip-ansi@6.0.1:
    resolution:
      {
        integrity: sha512-Y38VPSHcqkFrCpFnQ9vuSXmquuv5oXOKpGeT6aGrr3o3Gc9AlVa6JBfUSOCnbxGGZF+/0ooI7KrPuUSztUdU5A==,
      }
    engines: { node: ">=8" }
    dependencies:
      ansi-regex: 5.0.1
    dev: false

  /supports-color@7.2.0:
    resolution:
      {
        integrity: sha512-qpCAvRl9stuOHveKsn7HncJRvv501qIacKzQlO/+Lwxc9+0q2wLyv4Dfvt80/DPn2pqOBsJdDiogXGR9+OvwRw==,
      }
    engines: { node: ">=8" }
    dependencies:
      has-flag: 4.0.0

  /supports-preserve-symlinks-flag@1.0.0:
    resolution:
      {
        integrity: sha512-ot0WnXS9fgdkgIcePe6RHNk1WA8+muPa6cSjeR3V8K27q9BB1rTE3R1p7Hv0z1ZyAc8s6Vvv8DIyWf681MAt0w==,
      }
    engines: { node: ">= 0.4" }
    dev: true

  /tmp@0.0.33:
    resolution:
      {
        integrity: sha512-jRCJlojKnZ3addtTOjdIqoRuPEKBvNXcGYqzO6zWZX8KfKEpnGY5jfggJQ3EjKuu8D4bJRr0y+cYJFmYbImXGw==,
      }
    engines: { node: ">=0.6.0" }
    dependencies:
      os-tmpdir: 1.0.2
    dev: false

  /ts-node@10.9.1(@types/node@20.6.2)(typescript@5.2.2):
    resolution:
      {
        integrity: sha512-NtVysVPkxxrwFGUUxGYhfux8k78pQB3JqYBXlLRZgdGUqTO5wU/UyHop5p70iEbGhB7q5KmiZiU0Y3KlJrScEw==,
      }
    hasBin: true
    peerDependencies:
      "@swc/core": ">=1.2.50"
      "@swc/wasm": ">=1.2.50"
      "@types/node": "*"
      typescript: ">=2.7"
    peerDependenciesMeta:
      "@swc/core":
        optional: true
      "@swc/wasm":
        optional: true
    dependencies:
      "@cspotcode/source-map-support": 0.8.1
      "@tsconfig/node10": 1.0.9
      "@tsconfig/node12": 1.0.11
      "@tsconfig/node14": 1.0.3
      "@tsconfig/node16": 1.0.4
      "@types/node": 20.6.2
      acorn: 8.10.0
      acorn-walk: 8.2.0
      arg: 4.1.3
      create-require: 1.1.1
      diff: 4.0.2
      make-error: 1.3.6
      typescript: 5.2.2
      v8-compile-cache-lib: 3.0.1
      yn: 3.1.1
    dev: true

  /type-fest@0.21.3:
    resolution:
      {
        integrity: sha512-t0rzBq87m3fVcduHDUFhKmyyX+9eo6WQjZvf51Ea/M0Q7+T374Jp1aUiyUl0GKxp8M/OETVHSDvmkyPgvX+X2w==,
      }
    engines: { node: ">=10" }
    dev: false

  /typescript@5.2.2:
    resolution:
      {
        integrity: sha512-mI4WrpHsbCIcwT9cF4FZvr80QUeKvsUsUvKDoR+X/7XHQH98xYD8YHZg7ANtz2GtZt/CBq2QJ0thkGJMHfqc1w==,
      }
    engines: { node: ">=14.17" }
    hasBin: true
    dev: true

  /v8-compile-cache-lib@3.0.1:
    resolution:
      {
        integrity: sha512-wa7YjyUGfNZngI/vtK0UHAN+lgDCxBPCylVXGp0zu59Fz5aiGtNXaq3DhIov063MorB+VfufLh3JlF2KdTK3xg==,
      }
    dev: true

  /wrap-ansi@6.2.0:
    resolution:
      {
        integrity: sha512-r6lPcBGxZXlIcymEu7InxDMhdW0KDxpLgoFLcguasxCaJ/SOIZwINatK9KY/tf+ZrlywOKU0UDj3ATXUBfxJXA==,
      }
    engines: { node: ">=8" }
    dependencies:
      ansi-styles: 4.3.0
      string-width: 4.2.3
      strip-ansi: 6.0.1
    dev: false

  /wrappy@1.0.2:
    resolution:
      {
        integrity: sha512-l4Sp/DRseor9wL6EvV2+TuQn63dMkPjZ/sp9XkghTEbV9KlPS1xUsZ3u7/IQO4wxtcFB4bgpQPRcR3QCvezPcQ==,
      }
    dev: true

  /yn@3.1.1:
    resolution:
      {
        integrity: sha512-Ux4ygGWsu2c7isFWe8Yu1YluJmqVhxqK2cLXNQA5AcC3QfbGNpM7fu0Y8b/z16pXLnFxZYvWhd3fhBY9DLmC6Q==,
      }
    engines: { node: ">=6" }
    dev: true
